
Microsoft Visual Studio Solution File, Format Version 12.00
# Visual Studio Version 17
VisualStudioVersion = 17.0.31903.59
MinimumVisualStudioVersion = 10.0.40219.1
Project("{2150E333-8FDC-42A3-9474-1A3956D46DE8}") = "src", "src", "{827E0CD3-B72D-47B6-A68D-7590B98EB39B}"
EndProject
Project("{FAE04EC0-301F-11D3-BF4B-00C04F79EFBC}") = "AbOvo.ServiceDefaults", "src\AbOvo.ServiceDefaults\AbOvo.ServiceDefaults.csproj", "{C7CE03C0-2022-45F2-A92D-092C46679642}"
EndProject
Project("{FAE04EC0-301F-11D3-BF4B-00C04F79EFBC}") = "AbOvo.Contracts", "src\AbOvo.Contracts\AbOvo.Contracts.csproj", "{EA127C2C-0B26-49F1-B662-07C73E81F127}"
EndProject
Project("{FAE04EC0-301F-11D3-BF4B-00C04F79EFBC}") = "AbOvo.Api", "src\AbOvo.Api\AbOvo.Api.csproj", "{5B5D8BAA-0188-412D-8616-089219F28618}"
EndProject
Project("{FAE04EC0-301F-11D3-BF4B-00C04F79EFBC}") = "AbOvo.AppHost", "src\AbOvo.AppHost\AbOvo.AppHost.csproj", "{62902D6C-3BA6-464E-A3AD-2D17A08A55D7}"
EndProject
Project("{2150E333-8FDC-42A3-9474-1A3956D46DE8}") = "tests", "tests", "{0AB3BF05-4346-4AA6-1389-037BE0695223}"
EndProject
Project("{FAE04EC0-301F-11D3-BF4B-00C04F79EFBC}") = "AbOvo.Api.Tests", "tests\AbOvo.Api.Tests\AbOvo.Api.Tests.csproj", "{104D092F-362C-4B62-82DE-C6DEB229B3C6}"
EndProject
Global
	GlobalSection(SolutionConfigurationPlatforms) = preSolution
		Debug|Any CPU = Debug|Any CPU
		Debug|x64 = Debug|x64
		Debug|x86 = Debug|x86
		Release|Any CPU = Release|Any CPU
		Release|x64 = Release|x64
		Release|x86 = Release|x86
	EndGlobalSection
	GlobalSection(ProjectConfigurationPlatforms) = postSolution
		{C7CE03C0-2022-45F2-A92D-092C46679642}.Debug|Any CPU.ActiveCfg = Debug|Any CPU
		{C7CE03C0-2022-45F2-A92D-092C46679642}.Debug|Any CPU.Build.0 = Debug|Any CPU
		{C7CE03C0-2022-45F2-A92D-092C46679642}.Debug|x64.ActiveCfg = Debug|Any CPU
		{C7CE03C0-2022-45F2-A92D-092C46679642}.Debug|x64.Build.0 = Debug|Any CPU
		{C7CE03C0-2022-45F2-A92D-092C46679642}.Debug|x86.ActiveCfg = Debug|Any CPU
		{C7CE03C0-2022-45F2-A92D-092C46679642}.Debug|x86.Build.0 = Debug|Any CPU
		{C7CE03C0-2022-45F2-A92D-092C46679642}.Release|Any CPU.ActiveCfg = Release|Any CPU
		{C7CE03C0-2022-45F2-A92D-092C46679642}.Release|Any CPU.Build.0 = Release|Any CPU
		{C7CE03C0-2022-45F2-A92D-092C46679642}.Release|x64.ActiveCfg = Release|Any CPU
		{C7CE03C0-2022-45F2-A92D-092C46679642}.Release|x64.Build.0 = Release|Any CPU
		{C7CE03C0-2022-45F2-A92D-092C46679642}.Release|x86.ActiveCfg = Release|Any CPU
		{C7CE03C0-2022-45F2-A92D-092C46679642}.Release|x86.Build.0 = Release|Any CPU
		{EA127C2C-0B26-49F1-B662-07C73E81F127}.Debug|Any CPU.ActiveCfg = Debug|Any CPU
		{EA127C2C-0B26-49F1-B662-07C73E81F127}.Debug|Any CPU.Build.0 = Debug|Any CPU
		{EA127C2C-0B26-49F1-B662-07C73E81F127}.Debug|x64.ActiveCfg = Debug|Any CPU
		{EA127C2C-0B26-49F1-B662-07C73E81F127}.Debug|x64.Build.0 = Debug|Any CPU
		{EA127C2C-0B26-49F1-B662-07C73E81F127}.Debug|x86.ActiveCfg = Debug|Any CPU
		{EA127C2C-0B26-49F1-B662-07C73E81F127}.Debug|x86.Build.0 = Debug|Any CPU
		{EA127C2C-0B26-49F1-B662-07C73E81F127}.Release|Any CPU.ActiveCfg = Release|Any CPU
		{EA127C2C-0B26-49F1-B662-07C73E81F127}.Release|Any CPU.Build.0 = Release|Any CPU
		{EA127C2C-0B26-49F1-B662-07C73E81F127}.Release|x64.ActiveCfg = Release|Any CPU
		{EA127C2C-0B26-49F1-B662-07C73E81F127}.Release|x64.Build.0 = Release|Any CPU
		{EA127C2C-0B26-49F1-B662-07C73E81F127}.Release|x86.ActiveCfg = Release|Any CPU
		{EA127C2C-0B26-49F1-B662-07C73E81F127}.Release|x86.Build.0 = Release|Any CPU
		{5B5D8BAA-0188-412D-8616-089219F28618}.Debug|Any CPU.ActiveCfg = Debug|Any CPU
		{5B5D8BAA-0188-412D-8616-089219F28618}.Debug|Any CPU.Build.0 = Debug|Any CPU
		{5B5D8BAA-0188-412D-8616-089219F28618}.Debug|x64.ActiveCfg = Debug|Any CPU
		{5B5D8BAA-0188-412D-8616-089219F28618}.Debug|x64.Build.0 = Debug|Any CPU
		{5B5D8BAA-0188-412D-8616-089219F28618}.Debug|x86.ActiveCfg = Debug|Any CPU
		{5B5D8BAA-0188-412D-8616-089219F28618}.Debug|x86.Build.0 = Debug|Any CPU
		{5B5D8BAA-0188-412D-8616-089219F28618}.Release|Any CPU.ActiveCfg = Release|Any CPU
		{5B5D8BAA-0188-412D-8616-089219F28618}.Release|Any CPU.Build.0 = Release|Any CPU
		{5B5D8BAA-0188-412D-8616-089219F28618}.Release|x64.ActiveCfg = Release|Any CPU
		{5B5D8BAA-0188-412D-8616-089219F28618}.Release|x64.Build.0 = Release|Any CPU
		{5B5D8BAA-0188-412D-8616-089219F28618}.Release|x86.ActiveCfg = Release|Any CPU
		{5B5D8BAA-0188-412D-8616-089219F28618}.Release|x86.Build.0 = Release|Any CPU
		{62902D6C-3BA6-464E-A3AD-2D17A08A55D7}.Debug|Any CPU.ActiveCfg = Debug|Any CPU
		{62902D6C-3BA6-464E-A3AD-2D17A08A55D7}.Debug|Any CPU.Build.0 = Debug|Any CPU
		{62902D6C-3BA6-464E-A3AD-2D17A08A55D7}.Debug|x64.ActiveCfg = Debug|Any CPU
		{62902D6C-3BA6-464E-A3AD-2D17A08A55D7}.Debug|x64.Build.0 = Debug|Any CPU
		{62902D6C-3BA6-464E-A3AD-2D17A08A55D7}.Debug|x86.ActiveCfg = Debug|Any CPU
		{62902D6C-3BA6-464E-A3AD-2D17A08A55D7}.Debug|x86.Build.0 = Debug|Any CPU
		{62902D6C-3BA6-464E-A3AD-2D17A08A55D7}.Release|Any CPU.ActiveCfg = Release|Any CPU
		{62902D6C-3BA6-464E-A3AD-2D17A08A55D7}.Release|Any CPU.Build.0 = Release|Any CPU
		{62902D6C-3BA6-464E-A3AD-2D17A08A55D7}.Release|x64.ActiveCfg = Release|Any CPU
		{62902D6C-3BA6-464E-A3AD-2D17A08A55D7}.Release|x64.Build.0 = Release|Any CPU
		{62902D6C-3BA6-464E-A3AD-2D17A08A55D7}.Release|x86.ActiveCfg = Release|Any CPU
		{62902D6C-3BA6-464E-A3AD-2D17A08A55D7}.Release|x86.Build.0 = Release|Any CPU
		{104D092F-362C-4B62-82DE-C6DEB229B3C6}.Debug|Any CPU.ActiveCfg = Debug|Any CPU
		{104D092F-362C-4B62-82DE-C6DEB229B3C6}.Debug|Any CPU.Build.0 = Debug|Any CPU
		{104D092F-362C-4B62-82DE-C6DEB229B3C6}.Debug|x64.ActiveCfg = Debug|Any CPU
		{104D092F-362C-4B62-82DE-C6DEB229B3C6}.Debug|x64.Build.0 = Debug|Any CPU
		{104D092F-362C-4B62-82DE-C6DEB229B3C6}.Debug|x86.ActiveCfg = Debug|Any CPU
		{104D092F-362C-4B62-82DE-C6DEB229B3C6}.Debug|x86.Build.0 = Debug|Any CPU
		{104D092F-362C-4B62-82DE-C6DEB229B3C6}.Release|Any CPU.ActiveCfg = Release|Any CPU
		{104D092F-362C-4B62-82DE-C6DEB229B3C6}.Release|Any CPU.Build.0 = Release|Any CPU
		{104D092F-362C-4B62-82DE-C6DEB229B3C6}.Release|x64.ActiveCfg = Release|Any CPU
		{104D092F-362C-4B62-82DE-C6DEB229B3C6}.Release|x64.Build.0 = Release|Any CPU
		{104D092F-362C-4B62-82DE-C6DEB229B3C6}.Release|x86.ActiveCfg = Release|Any CPU
		{104D092F-362C-4B62-82DE-C6DEB229B3C6}.Release|x86.Build.0 = Release|Any CPU
	EndGlobalSection
	GlobalSection(SolutionProperties) = preSolution
		HideSolutionNode = FALSE
	EndGlobalSection
	GlobalSection(NestedProjects) = preSolution
		{C7CE03C0-2022-45F2-A92D-092C46679642} = {827E0CD3-B72D-47B6-A68D-7590B98EB39B}
		{EA127C2C-0B26-49F1-B662-07C73E81F127} = {827E0CD3-B72D-47B6-A68D-7590B98EB39B}
		{5B5D8BAA-0188-412D-8616-089219F28618} = {827E0CD3-B72D-47B6-A68D-7590B98EB39B}
		{62902D6C-3BA6-464E-A3AD-2D17A08A55D7} = {827E0CD3-B72D-47B6-A68D-7590B98EB39B}
		{104D092F-362C-4B62-82DE-C6DEB229B3C6} = {0AB3BF05-4346-4AA6-1389-037BE0695223}
	EndGlobalSection
EndGlobal
